
Microsoft Visual Studio Solution File, Format Version 12.00
# Visual Studio Version 16
VisualStudioVersion = 16.0.30517.126
MinimumVisualStudioVersion = 10.0.40219.1
Project("{FAE04EC0-301F-11D3-BF4B-00C04F79EFBC}") = "RPGv3", "RPGv3\RPGv3.csproj", "{CF2F1E1F-54AB-4FC6-9896-5665578D5FE6}"
EndProject
Global
	GlobalSection(SolutionConfigurationPlatforms) = preSolution
		Debug|Any CPU = Debug|Any CPU
		Release|Any CPU = Release|Any CPU
	EndGlobalSection
	GlobalSection(ProjectConfigurationPlatforms) = postSolution
		{CF2F1E1F-54AB-4FC6-9896-5665578D5FE6}.Debug|Any CPU.ActiveCfg = Debug|Any CPU
		{CF2F1E1F-54AB-4FC6-9896-5665578D5FE6}.Debug|Any CPU.Build.0 = Debug|Any CPU
		{CF2F1E1F-54AB-4FC6-9896-5665578D5FE6}.Release|Any CPU.ActiveCfg = Release|Any CPU
		{CF2F1E1F-54AB-4FC6-9896-5665578D5FE6}.Release|Any CPU.Build.0 = Release|Any CPU
	EndGlobalSection
	GlobalSection(SolutionProperties) = preSolution
		HideSolutionNode = FALSE
	EndGlobalSection
	GlobalSection(ExtensibilityGlobals) = postSolution
		SolutionGuid = {1CA6E2E6-BFBC-4D8E-8FFC-722FC60A6A7A}
	EndGlobalSection
EndGlobal
