
Microsoft Visual Studio Solution File, Format Version 12.00
# Visual Studio Version 17
VisualStudioVersion = 17.5.33424.131
MinimumVisualStudioVersion = 10.0.40219.1
Project("{FAE04EC0-301F-11D3-BF4B-00C04F79EFBC}") = "Excersice 7.1", "Excersice 7.1\Excersice 7.1.csproj", "{D807552C-72AC-4259-A8E6-7BD645C8373F}"
EndProject
Global
	GlobalSection(SolutionConfigurationPlatforms) = preSolution
		Debug|Any CPU = Debug|Any CPU
		Release|Any CPU = Release|Any CPU
	EndGlobalSection
	GlobalSection(ProjectConfigurationPlatforms) = postSolution
		{D807552C-72AC-4259-A8E6-7BD645C8373F}.Debug|Any CPU.ActiveCfg = Debug|Any CPU
		{D807552C-72AC-4259-A8E6-7BD645C8373F}.Debug|Any CPU.Build.0 = Debug|Any CPU
		{D807552C-72AC-4259-A8E6-7BD645C8373F}.Release|Any CPU.ActiveCfg = Release|Any CPU
		{D807552C-72AC-4259-A8E6-7BD645C8373F}.Release|Any CPU.Build.0 = Release|Any CPU
	EndGlobalSection
	GlobalSection(SolutionProperties) = preSolution
		HideSolutionNode = FALSE
	EndGlobalSection
	GlobalSection(ExtensibilityGlobals) = postSolution
		SolutionGuid = {E6853379-2EBC-405D-8C4C-9D140FF483E9}
	EndGlobalSection
EndGlobal
