
Microsoft Visual Studio Solution File, Format Version 12.00
# Visual Studio Version 16
VisualStudioVersion = 16.0.30517.126
MinimumVisualStudioVersion = 10.0.40219.1
Project("{FAE04EC0-301F-11D3-BF4B-00C04F79EFBC}") = "Quiz2", "Quiz2\Quiz2.csproj", "{C3F01C75-E372-4A91-9D73-1772B63939A3}"
EndProject
Global
	GlobalSection(SolutionConfigurationPlatforms) = preSolution
		Debug|Any CPU = Debug|Any CPU
		Release|Any CPU = Release|Any CPU
	EndGlobalSection
	GlobalSection(ProjectConfigurationPlatforms) = postSolution
		{C3F01C75-E372-4A91-9D73-1772B63939A3}.Debug|Any CPU.ActiveCfg = Debug|Any CPU
		{C3F01C75-E372-4A91-9D73-1772B63939A3}.Debug|Any CPU.Build.0 = Debug|Any CPU
		{C3F01C75-E372-4A91-9D73-1772B63939A3}.Release|Any CPU.ActiveCfg = Release|Any CPU
		{C3F01C75-E372-4A91-9D73-1772B63939A3}.Release|Any CPU.Build.0 = Release|Any CPU
	EndGlobalSection
	GlobalSection(SolutionProperties) = preSolution
		HideSolutionNode = FALSE
	EndGlobalSection
	GlobalSection(ExtensibilityGlobals) = postSolution
		SolutionGuid = {C79601EC-0CB7-407E-B53C-A9B629A52BA3}
	EndGlobalSection
EndGlobal
