
Microsoft Visual Studio Solution File, Format Version 12.00
# Visual Studio Version 16
VisualStudioVersion = 16.0.30517.126
MinimumVisualStudioVersion = 10.0.40219.1
Project("{FAE04EC0-301F-11D3-BF4B-00C04F79EFBC}") = "ConsoleApp1", "ConsoleApp1\ConsoleApp1.csproj", "{146E4149-A939-4D81-979A-155AA7C6716A}"
EndProject
Global
	GlobalSection(SolutionConfigurationPlatforms) = preSolution
		Debug|Any CPU = Debug|Any CPU
		Release|Any CPU = Release|Any CPU
	EndGlobalSection
	GlobalSection(ProjectConfigurationPlatforms) = postSolution
		{146E4149-A939-4D81-979A-155AA7C6716A}.Debug|Any CPU.ActiveCfg = Debug|Any CPU
		{146E4149-A939-4D81-979A-155AA7C6716A}.Debug|Any CPU.Build.0 = Debug|Any CPU
		{146E4149-A939-4D81-979A-155AA7C6716A}.Release|Any CPU.ActiveCfg = Release|Any CPU
		{146E4149-A939-4D81-979A-155AA7C6716A}.Release|Any CPU.Build.0 = Release|Any CPU
	EndGlobalSection
	GlobalSection(SolutionProperties) = preSolution
		HideSolutionNode = FALSE
	EndGlobalSection
	GlobalSection(ExtensibilityGlobals) = postSolution
		SolutionGuid = {09EA8726-BB99-4DBA-8B0F-7378FD0C3649}
	EndGlobalSection
EndGlobal
