
Microsoft Visual Studio Solution File, Format Version 12.00
# Visual Studio Version 16
VisualStudioVersion = 16.0.30517.126
MinimumVisualStudioVersion = 10.0.40219.1
Project("{FAE04EC0-301F-11D3-BF4B-00C04F79EFBC}") = "RegneQuiz", "RegneQuiz\RegneQuiz.csproj", "{1B58F0BB-540D-4B5C-8334-F68404AA2D60}"
EndProject
Global
	GlobalSection(SolutionConfigurationPlatforms) = preSolution
		Debug|Any CPU = Debug|Any CPU
		Release|Any CPU = Release|Any CPU
	EndGlobalSection
	GlobalSection(ProjectConfigurationPlatforms) = postSolution
		{1B58F0BB-540D-4B5C-8334-F68404AA2D60}.Debug|Any CPU.ActiveCfg = Debug|Any CPU
		{1B58F0BB-540D-4B5C-8334-F68404AA2D60}.Debug|Any CPU.Build.0 = Debug|Any CPU
		{1B58F0BB-540D-4B5C-8334-F68404AA2D60}.Release|Any CPU.ActiveCfg = Release|Any CPU
		{1B58F0BB-540D-4B5C-8334-F68404AA2D60}.Release|Any CPU.Build.0 = Release|Any CPU
	EndGlobalSection
	GlobalSection(SolutionProperties) = preSolution
		HideSolutionNode = FALSE
	EndGlobalSection
	GlobalSection(ExtensibilityGlobals) = postSolution
		SolutionGuid = {F5995E5E-F762-4B8A-ADCF-B35A6C7458A5}
	EndGlobalSection
EndGlobal
