
Microsoft Visual Studio Solution File, Format Version 12.00
# Visual Studio Version 16
VisualStudioVersion = 16.0.30517.126
MinimumVisualStudioVersion = 10.0.40219.1
Project("{FAE04EC0-301F-11D3-BF4B-00C04F79EFBC}") = "Prime number factorization", "Prime number factorization\Prime number factorization.csproj", "{D398DD83-58B6-4428-94D5-A2D4A3295E09}"
EndProject
Global
	GlobalSection(SolutionConfigurationPlatforms) = preSolution
		Debug|Any CPU = Debug|Any CPU
		Release|Any CPU = Release|Any CPU
	EndGlobalSection
	GlobalSection(ProjectConfigurationPlatforms) = postSolution
		{D398DD83-58B6-4428-94D5-A2D4A3295E09}.Debug|Any CPU.ActiveCfg = Debug|Any CPU
		{D398DD83-58B6-4428-94D5-A2D4A3295E09}.Debug|Any CPU.Build.0 = Debug|Any CPU
		{D398DD83-58B6-4428-94D5-A2D4A3295E09}.Release|Any CPU.ActiveCfg = Release|Any CPU
		{D398DD83-58B6-4428-94D5-A2D4A3295E09}.Release|Any CPU.Build.0 = Release|Any CPU
	EndGlobalSection
	GlobalSection(SolutionProperties) = preSolution
		HideSolutionNode = FALSE
	EndGlobalSection
	GlobalSection(ExtensibilityGlobals) = postSolution
		SolutionGuid = {05A7D35B-EF5E-4F16-ABF3-E421D932610D}
	EndGlobalSection
EndGlobal
