
Microsoft Visual Studio Solution File, Format Version 12.00
# Visual Studio Version 16
VisualStudioVersion = 16.0.30517.126
MinimumVisualStudioVersion = 10.0.40219.1
Project("{FAE04EC0-301F-11D3-BF4B-00C04F79EFBC}") = "Hejmeddig", "Hejmeddig\Hejmeddig.csproj", "{621EAA2A-3EEB-4F69-8DCA-4CBE32627FF6}"
EndProject
Global
	GlobalSection(SolutionConfigurationPlatforms) = preSolution
		Debug|Any CPU = Debug|Any CPU
		Release|Any CPU = Release|Any CPU
	EndGlobalSection
	GlobalSection(ProjectConfigurationPlatforms) = postSolution
		{621EAA2A-3EEB-4F69-8DCA-4CBE32627FF6}.Debug|Any CPU.ActiveCfg = Debug|Any CPU
		{621EAA2A-3EEB-4F69-8DCA-4CBE32627FF6}.Debug|Any CPU.Build.0 = Debug|Any CPU
		{621EAA2A-3EEB-4F69-8DCA-4CBE32627FF6}.Release|Any CPU.ActiveCfg = Release|Any CPU
		{621EAA2A-3EEB-4F69-8DCA-4CBE32627FF6}.Release|Any CPU.Build.0 = Release|Any CPU
	EndGlobalSection
	GlobalSection(SolutionProperties) = preSolution
		HideSolutionNode = FALSE
	EndGlobalSection
	GlobalSection(ExtensibilityGlobals) = postSolution
		SolutionGuid = {C490D4D7-F17A-4ED8-92B4-5F9EB08FCD69}
	EndGlobalSection
EndGlobal
